
Microsoft Visual Studio Solution File, Format Version 12.00
# Visual Studio Version 16
VisualStudioVersion = 16.0.29709.97
MinimumVisualStudioVersion = 10.0.40219.1
Project("{FAE04EC0-301F-11D3-BF4B-00C04F79EFBC}") = "Start", "Start\Start.csproj", "{FF6E8468-3AF4-492C-A095-F0103069AE66}"
EndProject
Global
	GlobalSection(SolutionConfigurationPlatforms) = preSolution
		Debug|Any CPU = Debug|Any CPU
		Release|Any CPU = Release|Any CPU
	EndGlobalSection
	GlobalSection(ProjectConfigurationPlatforms) = postSolution
		{FF6E8468-3AF4-492C-A095-F0103069AE66}.Debug|Any CPU.ActiveCfg = Debug|Any CPU
		{FF6E8468-3AF4-492C-A095-F0103069AE66}.Debug|Any CPU.Build.0 = Debug|Any CPU
		{FF6E8468-3AF4-492C-A095-F0103069AE66}.Release|Any CPU.ActiveCfg = Release|Any CPU
		{FF6E8468-3AF4-492C-A095-F0103069AE66}.Release|Any CPU.Build.0 = Release|Any CPU
	EndGlobalSection
	GlobalSection(SolutionProperties) = preSolution
		HideSolutionNode = FALSE
	EndGlobalSection
	GlobalSection(ExtensibilityGlobals) = postSolution
		SolutionGuid = {FC3C6042-1826-44A1-9A9F-020B0C6416D4}
	EndGlobalSection
EndGlobal
